# This file is automatically @generated by Wally.
# It is not intended for manual editing.
registry = "test"

[[package]]
name = "creare/roblox-visual-scripting-language"
version = "0.1.0"
dependencies = [["signal", "sleitnick/signal@2.0.3"]]

[[package]]
name = "sleitnick/signal"
version = "2.0.3"
dependencies = []
